
Microsoft Visual Studio Solution File, Format Version 12.00
# Visual Studio Version 16
VisualStudioVersion = 16.0.30907.101
MinimumVisualStudioVersion = 10.0.40219.1
Project("{FAE04EC0-301F-11D3-BF4B-00C04F79EFBC}") = "Zoogdier voorbeeld", "Zoogdier voorbeeld\Zoogdier voorbeeld.csproj", "{B63854E3-B085-405B-AD0A-C8C928CC613B}"
EndProject
Global
	GlobalSection(SolutionConfigurationPlatforms) = preSolution
		Debug|Any CPU = Debug|Any CPU
		Release|Any CPU = Release|Any CPU
	EndGlobalSection
	GlobalSection(ProjectConfigurationPlatforms) = postSolution
		{B63854E3-B085-405B-AD0A-C8C928CC613B}.Debug|Any CPU.ActiveCfg = Debug|Any CPU
		{B63854E3-B085-405B-AD0A-C8C928CC613B}.Debug|Any CPU.Build.0 = Debug|Any CPU
		{B63854E3-B085-405B-AD0A-C8C928CC613B}.Release|Any CPU.ActiveCfg = Release|Any CPU
		{B63854E3-B085-405B-AD0A-C8C928CC613B}.Release|Any CPU.Build.0 = Release|Any CPU
	EndGlobalSection
	GlobalSection(SolutionProperties) = preSolution
		HideSolutionNode = FALSE
	EndGlobalSection
	GlobalSection(ExtensibilityGlobals) = postSolution
		SolutionGuid = {772468A7-FA25-49F5-A28E-4B2EC6E46EBF}
	EndGlobalSection
EndGlobal
