
Microsoft Visual Studio Solution File, Format Version 12.00
# Visual Studio Version 16
VisualStudioVersion = 16.0.30907.101
MinimumVisualStudioVersion = 10.0.40219.1
Project("{FAE04EC0-301F-11D3-BF4B-00C04F79EFBC}") = "Mini Opdracht 9", "Mini Opdracht 9\Mini Opdracht 9.csproj", "{AC7D6B7A-9307-4CB8-B4CD-6D2339D816B2}"
EndProject
Global
	GlobalSection(SolutionConfigurationPlatforms) = preSolution
		Debug|Any CPU = Debug|Any CPU
		Release|Any CPU = Release|Any CPU
	EndGlobalSection
	GlobalSection(ProjectConfigurationPlatforms) = postSolution
		{AC7D6B7A-9307-4CB8-B4CD-6D2339D816B2}.Debug|Any CPU.ActiveCfg = Debug|Any CPU
		{AC7D6B7A-9307-4CB8-B4CD-6D2339D816B2}.Debug|Any CPU.Build.0 = Debug|Any CPU
		{AC7D6B7A-9307-4CB8-B4CD-6D2339D816B2}.Release|Any CPU.ActiveCfg = Release|Any CPU
		{AC7D6B7A-9307-4CB8-B4CD-6D2339D816B2}.Release|Any CPU.Build.0 = Release|Any CPU
	EndGlobalSection
	GlobalSection(SolutionProperties) = preSolution
		HideSolutionNode = FALSE
	EndGlobalSection
	GlobalSection(ExtensibilityGlobals) = postSolution
		SolutionGuid = {D6057409-5252-4BCC-9AC3-A0BC90CF2D6E}
	EndGlobalSection
EndGlobal
